github.com/electrikmilk/args-parser v1.1.3 h1:66xFYBDmsO3mZvIM1ThO/AV/3zTRwfE45A21akaQ1Zc=
github.com/electrikmilk/args-parser v1.1.3/go.mod h1:mb/l2JFNNBSA8GVYL0eQCJF6Jd7UtAJTpenLZs6iIJ0=
github.com/google/uuid v1.6.0 h1:NIvaJDMOsjHA8n1jAhLSgzrAzy1Hgr+hNrb57e+94F0=
github.com/google/uuid v1.6.0/go.mod h1:TIyPZe4MgqvfeYDBFedMoGGpEw/LqOeaOT+nhxU+yHo=
sourcecode.social/reiver/go-eol v0.0.0-20240326064055-6080dd101592 h1:5lIRVxewoVEKA8AB/xLirgx16VVGAvYY15BWZzLQdh0=
sourcecode.social/reiver/go-eol v0.0.0-20240326064055-6080dd101592/go.mod h1:2OmaB7yZ5/S7rix/3mhFkLZ1HwkgCBt6NqdB4fFGQjI=
sourcecode.social/reiver/go-erorr v0.0.0-20230922202459-231149d185a1 h1:wpnz4JicQBLWrgGphYBls7DysIFCcnWgDz/vce/sY8E=
sourcecode.social/reiver/go-erorr v0.0.0-20230922202459-231149d185a1/go.mod h1:NFtd7fzEf0r6A6R7JXYZfayRhPaJy0zt/18VWoLzrxA=
sourcecode.social/reiver/go-opt v0.0.0-20231106172254-6b4ca5231f41 h1:nWUCtY3Krm+bLKXEEFvVz+vm256v3D/iJXgfoWhcOEw=
sourcecode.social/reiver/go-opt v0.0.0-20231106172254-6b4ca5231f41/go.mod h1:O6WKM2UcKkheRT/dA6A2b1tW0m+WenSbxdcXE+idxzI=
